---
lockfileVersion: 1
lockfileVendor: redhat
arches:
- arch: x86_64
  packages:
  - url: https://koji-s3-cache.hummingbird-project.io/packages.redhat.com/api/pulp-content/public-hummingbird/x86_64/Packages/b/bash-5.3.15-2.hum1.x86_64.rpm
    repoid: public-hummingbird-x86_64-rpms
    size: 1996422
    checksum: sha256:3cc67f8314d7d3dc70b7935d75392755215ad4e0248c1d0289eeb1ed1d96bc81
    name: bash
    evr: 5.3.15-2.hum1
    sourcerpm: bash-5.3.15-2.hum1.src.rpm
  - url: https://koji-s3-cache.hummingbird-project.io/packages.redhat.com/api/pulp-content/public-hummingbird/x86_64/Packages/b/binutils-2.46.1-1.1.hum1.x86_64.rpm
    repoid: public-hummingbird-x86_64-rpms
    size: 6511088
    checksum: sha256:4ce0c840e921cfc82cb5ff0c75bd0dd996a6508b0c20dbeef566b274dbf768dc
    name: binutils
    evr: 2.46.1-1.1.hum1
    sourcerpm: binutils-2.46.1-1.1.hum1.src.rpm
  - url: https://koji-s3-cache.hummingbird-project.io/packages.redhat.com/api/pulp-content/public-hummingbird/x86_64/Packages/c/coreutils-9.11-6.hum1.x86_64.rpm
    repoid: public-hummingbird-x86_64-rpms
    size: 1407374
    checksum: sha256:f218e1a49716ab7271c82881fcfea363afddcdde249bd3d0d593d19710d069c0
    name: coreutils
    evr: 9.11-6.hum1
    sourcerpm: coreutils-9.11-6.hum1.src.rpm
  - url: https://koji-s3-cache.hummingbird-project.io/packages.redhat.com/api/pulp-content/public-hummingbird/x86_64/Packages/c/coreutils-common-9.11-6.hum1.x86_64.rpm
    repoid: public-hummingbird-x86_64-rpms
    size: 2305398
    checksum: sha256:e0d8e53affee9d886cd7c53f32d4352514d3a80fd700f1a208442cc4c093c483
    name: coreutils-common
    evr: 9.11-6.hum1
    sourcerpm: coreutils-9.11-6.hum1.src.rpm
  - url: https://koji-s3-cache.hummingbird-project.io/packages.redhat.com/api/pulp-content/public-hummingbird/x86_64/Packages/c/cpp-16.2.1-1.hum1.x86_64.rpm
    repoid: public-hummingbird-x86_64-rpms
    size: 15369659
    checksum: sha256:cf49308628d136a8efa4e4b3460453a2f5d8cdfc8db575856dc46c2ce510094d
    name: cpp
    evr: 16.2.1-1.hum1
    sourcerpm: gcc-16.2.1-1.hum1.src.rpm
  - url: https://koji-s3-cache.hummingbird-project.io/packages.redhat.com/api/pulp-content/public-hummingbird/x86_64/Packages/c/cyrus-sasl-2.1.28-37.1.hum1.x86_64.rpm
    repoid: public-hummingbird-x86_64-rpms
    size: 83357
    checksum: sha256:aebd72de90c63879b543ea357c7c1bd822b76d4ece9f781d3c3fe5a14cde598d
    name: cyrus-sasl
    evr: 2.1.28-37.1.hum1
    sourcerpm: cyrus-sasl-2.1.28-37.1.hum1.src.rpm
  - url: https://koji-s3-cache.hummingbird-project.io/packages.redhat.com/api/pulp-content/public-hummingbird/x86_64/Packages/c/cyrus-sasl-devel-2.1.28-37.1.hum1.x86_64.rpm
    repoid: public-hummingbird-x86_64-rpms
    size: 125233
    checksum: sha256:4e846ae32e513d5b35174c85c947b24948ac744fddcbcaba3e074434bf337af2
    name: cyrus-sasl-devel
    evr: 2.1.28-37.1.hum1
    sourcerpm: cyrus-sasl-2.1.28-37.1.hum1.src.rpm
  - url: https://koji-s3-cache.hummingbird-project.io/packages.redhat.com/api/pulp-content/public-hummingbird/x86_64/Packages/c/cyrus-sasl-lib-2.1.28-37.1.hum1.x86_64.rpm
    repoid: public-hummingbird-x86_64-rpms
    size: 848531
    checksum: sha256:7a4208f6fe50ff91c5d3d6ec0a09e458b247d7b4180fd36b76a003f560477b54
    name: cyrus-sasl-lib
    evr: 2.1.28-37.1.hum1
    sourcerpm: cyrus-sasl-2.1.28-37.1.hum1.src.rpm
  - url: https://koji-s3-cache.hummingbird-project.io/packages.redhat.com/api/pulp-content/public-hummingbird/x86_64/Packages/e/elfutils-debuginfod-client-0.195-3.hum1.x86_64.rpm
    repoid: public-hummingbird-x86_64-rpms
    size: 54605
    checksum: sha256:88419800ad9a99ff52420e7b12d2223bc4a77b39f35b95f2e9eef1840ebfbb03
    name: elfutils-debuginfod-client
    evr: 0.195-3.hum1
    sourcerpm: elfutils-0.195-3.hum1.src.rpm
  - url: https://koji-s3-cache.hummingbird-project.io/packages.redhat.com/api/pulp-content/public-hummingbird/x86_64/Packages/e/elfutils-libelf-0.195-3.hum1.x86_64.rpm
    repoid: public-hummingbird-x86_64-rpms
    size: 222327
    checksum: sha256:1581a9724c1fdcb0c7af6902d54319cbf3d64f6392da8d859d8c51f0c7ef7975
    name: elfutils-libelf
    evr: 0.195-3.hum1
    sourcerpm: elfutils-0.195-3.hum1.src.rpm
  - url: https://koji-s3-cache.hummingbird-project.io/packages.redhat.com/api/pulp-content/public-hummingbird/x86_64/Packages/e/elfutils-libs-0.195-3.hum1.x86_64.rpm
    repoid: public-hummingbird-x86_64-rpms
    size: 296160
    checksum: sha256:e33d5a8cf6a5f760cc0db95f4b008463f3cb8973363157d4478d867d182e9461
    name: elfutils-libs
    evr: 0.195-3.hum1
    sourcerpm: elfutils-0.195-3.hum1.src.rpm
  - url: https://koji-s3-cache.hummingbird-project.io/packages.redhat.com/api/pulp-content/public-hummingbird/x86_64/Packages/g/gcc-16.2.1-1.hum1.x86_64.rpm
    repoid: public-hummingbird-x86_64-rpms
    size: 45491866
    checksum: sha256:8962b2f65b10c9b9a7cfc9f9482c249ec3c6b47c10f369389928998be6abafd3
    name: gcc
    evr: 16.2.1-1.hum1
    sourcerpm: gcc-16.2.1-1.hum1.src.rpm
  - url: https://koji-s3-cache.hummingbird-project.io/packages.redhat.com/api/pulp-content/public-hummingbird/x86_64/Packages/g/gcc-c++-16.2.1-1.hum1.x86_64.rpm
    repoid: public-hummingbird-x86_64-rpms
    size: 18233627
    checksum: sha256:490dbd492170ae064fdcf25b6440b29d128ab251448e61bee0d4528ff7cf779f
    name: gcc-c++
    evr: 16.2.1-1.hum1
    sourcerpm: gcc-16.2.1-1.hum1.src.rpm
  - url: https://koji-s3-cache.hummingbird-project.io/packages.redhat.com/api/pulp-content/public-hummingbird/x86_64/Packages/g/glibc-devel-2.43-8.1.hum1.x86_64.rpm
    repoid: public-hummingbird-x86_64-rpms
    size: 673522
    checksum: sha256:89cbe2646532e4d014e37c635b5a2f1aeaf4447c2fde152437d519adbb5f5c40
    name: glibc-devel
    evr: 2.43-8.1.hum1
    sourcerpm: glibc-2.43-8.1.hum1.src.rpm
  - url: https://koji-s3-cache.hummingbird-project.io/packages.redhat.com/api/pulp-content/public-hummingbird/x86_64/Packages/g/gmp-6.3.0-6.hum1.x86_64.rpm
    repoid: public-hummingbird-x86_64-rpms
    size: 336312
    checksum: sha256:6566943f8813eb0ced4fa107044729289d3bb8064dbc8252d6cd3853f9cc0d09
    name: gmp
    evr: 1:6.3.0-6.hum1
    sourcerpm: gmp-6.3.0-6.hum1.src.rpm
  - url: https://koji-s3-cache.hummingbird-project.io/packages.redhat.com/api/pulp-content/public-hummingbird/x86_64/Packages/g/gnulib-l10n-20241231-4.hum1.noarch.rpm
    repoid: public-hummingbird-x86_64-rpms
    size: 160098
    checksum: sha256:0a4dc4d912685d472f9be93db27edc02448e91817f5cc55ed54e15730fa0f9e7
    name: gnulib-l10n
    evr: 20241231-4.hum1
    sourcerpm: gnulib-l10n-20241231-4.hum1.src.rpm
  - url: https://koji-s3-cache.hummingbird-project.io/packages.redhat.com/api/pulp-content/public-hummingbird/x86_64/Packages/j/jansson-2.14-5.hum1.x86_64.rpm
    repoid: public-hummingbird-x86_64-rpms
    size: 54378
    checksum: sha256:26340691580468685523c4d920441aef3c6b795232d6188fc5dacf665c44d84e
    name: jansson
    evr: 2.14-5.hum1
    sourcerpm: jansson-2.14-5.hum1.src.rpm
  - url: https://koji-s3-cache.hummingbird-project.io/packages.redhat.com/api/pulp-content/public-hummingbird/x86_64/Packages/j/json-c-0.18-9.hum1.x86_64.rpm
    repoid: public-hummingbird-x86_64-rpms
    size: 52986
    checksum: sha256:d34e89d1e2ff31a7053332d28047300d5ded04039a03f2bdd59e35414b73a867
    name: json-c
    evr: 0.18-9.hum1
    sourcerpm: json-c-0.18-9.hum1.src.rpm
  - url: https://koji-s3-cache.hummingbird-project.io/packages.redhat.com/api/pulp-content/public-hummingbird/x86_64/Packages/k/kernel-headers-7.1.0-55.1.hum1.x86_64.rpm
    repoid: public-hummingbird-x86_64-rpms
    size: 1901035
    checksum: sha256:5c5c271c6c0dd865776d54ee7c9512b78145747f355740387aadf744224039d4
    name: kernel-headers
    evr: 7.1.0-55.1.hum1
    sourcerpm: kernel-headers-7.1.0-55.1.hum1.src.rpm
  - url: https://koji-s3-cache.hummingbird-project.io/packages.redhat.com/api/pulp-content/public-hummingbird/x86_64/Packages/k/keyutils-libs-1.6.3-8.hum1.x86_64.rpm
    repoid: public-hummingbird-x86_64-rpms
    size: 38564
    checksum: sha256:3188c0693d2e584454290bb1d49e9f5663c5b175ded852edcedd2ad433532c1c
    name: keyutils-libs
    evr: 1.6.3-8.hum1
    sourcerpm: keyutils-1.6.3-8.hum1.src.rpm
  - url: https://koji-s3-cache.hummingbird-project.io/packages.redhat.com/api/pulp-content/public-hummingbird/x86_64/Packages/k/krb5-libs-1.22.2-9.1.hum1.x86_64.rpm
    repoid: public-hummingbird-x86_64-rpms
    size: 831253
    checksum: sha256:a468ea4e56fe777dfcada8085cba620f89854fd8adc0ba376f9fb33094b01365
    name: krb5-libs
    evr: 1.22.2-9.1.hum1
    sourcerpm: krb5-1.22.2-9.1.hum1.src.rpm
  - url: https://koji-s3-cache.hummingbird-project.io/packages.redhat.com/api/pulp-content/public-hummingbird/x86_64/Packages/l/libatomic-16.2.1-1.hum1.x86_64.rpm
    repoid: public-hummingbird-x86_64-rpms
    size: 62581
    checksum: sha256:3c3647ece244a926c74f5238606a628daaf1fc7c3600113a28299b139d9b8550
    name: libatomic
    evr: 16.2.1-1.hum1
    sourcerpm: gcc-16.2.1-1.hum1.src.rpm
  - url: https://koji-s3-cache.hummingbird-project.io/packages.redhat.com/api/pulp-content/public-hummingbird/x86_64/Packages/l/libblkid-2.42.2-3.hum1.x86_64.rpm
    repoid: public-hummingbird-x86_64-rpms
    size: 142332
    checksum: sha256:c5452a3f68763b1597e882f55899bb18111ce67c3b284688617004bebaa9b565
    name: libblkid
    evr: 2.42.2-3.hum1
    sourcerpm: util-linux-2.42.2-3.hum1.src.rpm
  - url: https://koji-s3-cache.hummingbird-project.io/packages.redhat.com/api/pulp-content/public-hummingbird/x86_64/Packages/l/libbrotli-1.2.0-6.hum1.x86_64.rpm
    repoid: public-hummingbird-x86_64-rpms
    size: 363604
    checksum: sha256:b5b0d2864c58930f4e016b3e2ecc61134ee2a8c1bf32a3334e219a2ac7f53bf9
    name: libbrotli
    evr: 1.2.0-6.hum1
    sourcerpm: brotli-1.2.0-6.hum1.src.rpm
  - url: https://koji-s3-cache.hummingbird-project.io/packages.redhat.com/api/pulp-content/public-hummingbird/x86_64/Packages/l/libcbor-0.14.0-3.hum1.x86_64.rpm
    repoid: public-hummingbird-x86_64-rpms
    size: 43833
    checksum: sha256:15b3d383c1131dba540008e7536e950de52fdcb89febf7a31de46443a08b8b7c
    name: libcbor
    evr: 0.14.0-3.hum1
    sourcerpm: libcbor-0.14.0-3.hum1.src.rpm
  - url: https://koji-s3-cache.hummingbird-project.io/packages.redhat.com/api/pulp-content/public-hummingbird/x86_64/Packages/l/libcom_err-1.47.4-2.hum1.x86_64.rpm
    repoid: public-hummingbird-x86_64-rpms
    size: 33499
    checksum: sha256:e153010c101b791899975923ff77ba4b66d5115388089408b6393073ab6224aa
    name: libcom_err
    evr: 1.47.4-2.hum1
    sourcerpm: e2fsprogs-1.47.4-2.hum1.src.rpm
  - url: https://koji-s3-cache.hummingbird-project.io/packages.redhat.com/api/pulp-content/public-hummingbird/x86_64/Packages/l/libcurl-8.21.0-0.1.1.hum1.x86_64.rpm
    repoid: public-hummingbird-x86_64-rpms
    size: 499692
    checksum: sha256:8e4703c5465f484572a3282ad1135fdcfa7c585e480391a4096d2c8b582ffefa
    name: libcurl
    evr: 8.21.0-0.1.1.hum1
    sourcerpm: curl-8.21.0-0.1.1.hum1.src.rpm
  - url: https://koji-s3-cache.hummingbird-project.io/packages.redhat.com/api/pulp-content/public-hummingbird/x86_64/Packages/l/libevent-2.1.12-19.hum1.x86_64.rpm
    repoid: public-hummingbird-x86_64-rpms
    size: 303003
    checksum: sha256:60e9918b37bef632b1230e396116bab62fe66719dbcc8acb14e2a9581ed26c8e
    name: libevent
    evr: 2.1.12-19.hum1
    sourcerpm: libevent-2.1.12-19.hum1.src.rpm
  - url: https://koji-s3-cache.hummingbird-project.io/packages.redhat.com/api/pulp-content/public-hummingbird/x86_64/Packages/l/libfdisk-2.42.2-3.hum1.x86_64.rpm
    repoid: public-hummingbird-x86_64-rpms
    size: 178351
    checksum: sha256:ef8ae0d71eff323bdbe9cc277514ef04bc81a1af7956b7db71d8557bb92888ea
    name: libfdisk
    evr: 2.42.2-3.hum1
    sourcerpm: util-linux-2.42.2-3.hum1.src.rpm
  - url: https://koji-s3-cache.hummingbird-project.io/packages.redhat.com/api/pulp-content/public-hummingbird/x86_64/Packages/l/libfido2-1.17.0-5.hum1.x86_64.rpm
    repoid: public-hummingbird-x86_64-rpms
    size: 115837
    checksum: sha256:f278172ece5fe378c6e396feb8655b3a56d830082597301a709bc5e99a02ddd7
    name: libfido2
    evr: 1.17.0-5.hum1
    sourcerpm: libfido2-1.17.0-5.hum1.src.rpm
  - url: https://koji-s3-cache.hummingbird-project.io/packages.redhat.com/api/pulp-content/public-hummingbird/x86_64/Packages/l/libgomp-16.2.1-1.hum1.x86_64.rpm
    repoid: public-hummingbird-x86_64-rpms
    size: 413049
    checksum: sha256:4881580a2c8bc2a2301ae6a65b5b9dcacbb0e9cd6619bd8decfe44f8e2f398a5
    name: libgomp
    evr: 16.2.1-1.hum1
    sourcerpm: gcc-16.2.1-1.hum1.src.rpm
  - url: https://koji-s3-cache.hummingbird-project.io/packages.redhat.com/api/pulp-content/public-hummingbird/x86_64/Packages/l/libidn2-2.3.8-4.hum1.x86_64.rpm
    repoid: public-hummingbird-x86_64-rpms
    size: 185630
    checksum: sha256:0192245b12bacbcf23b18afb0ebbcbef71fe8f04e18ad73e12f603c10e4abd27
    name: libidn2
    evr: 2.3.8-4.hum1
    sourcerpm: libidn2-2.3.8-4.hum1.src.rpm
  - url: https://koji-s3-cache.hummingbird-project.io/packages.redhat.com/api/pulp-content/public-hummingbird/x86_64/Packages/l/liblastlog2-2.42.2-3.hum1.x86_64.rpm
    repoid: public-hummingbird-x86_64-rpms
    size: 30268
    checksum: sha256:65e246e1c9e5d32715589135839305203175df6f1d0c396b44e5778fc578a583
    name: liblastlog2
    evr: 2.42.2-3.hum1
    sourcerpm: util-linux-2.42.2-3.hum1.src.rpm
  - url: https://koji-s3-cache.hummingbird-project.io/packages.redhat.com/api/pulp-content/public-hummingbird/x86_64/Packages/l/libmount-2.42.2-3.hum1.x86_64.rpm
    repoid: public-hummingbird-x86_64-rpms
    size: 187092
    checksum: sha256:96c97e76b2d818ed1bea58da0fe1c6d5964c540021b078d18f52c3c806fecf80
    name: libmount
    evr: 2.42.2-3.hum1
    sourcerpm: util-linux-2.42.2-3.hum1.src.rpm
  - url: https://koji-s3-cache.hummingbird-project.io/packages.redhat.com/api/pulp-content/public-hummingbird/x86_64/Packages/l/libmpc-1.4.1-2.hum1.x86_64.rpm
    repoid: public-hummingbird-x86_64-rpms
    size: 83759
    checksum: sha256:e2ec96e34d3588440a617a31fe025470da4c563cab9016294a7750243a985905
    name: libmpc
    evr: 1.4.1-2.hum1
    sourcerpm: libmpc-1.4.1-2.hum1.src.rpm
  - url: https://koji-s3-cache.hummingbird-project.io/packages.redhat.com/api/pulp-content/public-hummingbird/x86_64/Packages/l/libnghttp2-1.69.0-5.hum1.x86_64.rpm
    repoid: public-hummingbird-x86_64-rpms
    size: 85581
    checksum: sha256:af0dc891a90fbe58afba947a45a6ccfc23c75c49aee0803fd4458561a30785cd
    name: libnghttp2
    evr: 1.69.0-5.hum1
    sourcerpm: nghttp2-1.69.0-5.hum1.src.rpm
  - url: https://koji-s3-cache.hummingbird-project.io/packages.redhat.com/api/pulp-content/public-hummingbird/x86_64/Packages/l/libnghttp3-1.18.0-1.hum1.x86_64.rpm
    repoid: public-hummingbird-x86_64-rpms
    size: 82425
    checksum: sha256:46f9a053efa93239d22d3de5aee2b379e354e4a6f55a40dbdb3c0bdbc6690ac5
    name: libnghttp3
    evr: 1.18.0-1.hum1
    sourcerpm: nghttp3-1.18.0-1.hum1.src.rpm
  - url: https://koji-s3-cache.hummingbird-project.io/packages.redhat.com/api/pulp-content/public-hummingbird/x86_64/Packages/l/libpkgconf-2.5.1-2.hum1.x86_64.rpm
    repoid: public-hummingbird-x86_64-rpms
    size: 50006
    checksum: sha256:ca91a2516e3d57ce21f43e341c2a0835b0dafac75a240b94ef2982cd76ac6515
    name: libpkgconf
    evr: 2.5.1-2.hum1
    sourcerpm: pkgconf-2.5.1-2.hum1.src.rpm
  - url: https://koji-s3-cache.hummingbird-project.io/packages.redhat.com/api/pulp-content/public-hummingbird/x86_64/Packages/l/libpsl-0.23.1-1.hum1.x86_64.rpm
    repoid: public-hummingbird-x86_64-rpms
    size: 74582
    checksum: sha256:20861625d821546ba66e77c7a52e48dcc3fe09da052eaf4a308a1d3c59e107b2
    name: libpsl
    evr: 0.23.1-1.hum1
    sourcerpm: libpsl-0.23.1-1.hum1.src.rpm
  - url: https://koji-s3-cache.hummingbird-project.io/packages.redhat.com/api/pulp-content/public-hummingbird/x86_64/Packages/l/libsmartcols-2.42.2-3.hum1.x86_64.rpm
    repoid: public-hummingbird-x86_64-rpms
    size: 95748
    checksum: sha256:ca55e2481804b24b026e167cbfe659024d6b1fa70ba4c55ed9d756083aa2743d
    name: libsmartcols
    evr: 2.42.2-3.hum1
    sourcerpm: util-linux-2.42.2-3.hum1.src.rpm
  - url: https://koji-s3-cache.hummingbird-project.io/packages.redhat.com/api/pulp-content/public-hummingbird/x86_64/Packages/l/libssh-0.12.2-1.hum1.x86_64.rpm
    repoid: public-hummingbird-x86_64-rpms
    size: 307974
    checksum: sha256:36ae8bb084e1fbf195bc7f3d365357d373c860b59cfeef878a79a107802472bd
    name: libssh
    evr: 0.12.2-1.hum1
    sourcerpm: libssh-0.12.2-1.hum1.src.rpm
  - url: https://koji-s3-cache.hummingbird-project.io/packages.redhat.com/api/pulp-content/public-hummingbird/x86_64/Packages/l/libssh-config-0.12.2-1.hum1.noarch.rpm
    repoid: public-hummingbird-x86_64-rpms
    size: 13772
    checksum: sha256:cf8d3293a79faabada59d6d085d10aa98ca6f63c6a5df85b10938c988b52c648
    name: libssh-config
    evr: 0.12.2-1.hum1
    sourcerpm: libssh-0.12.2-1.hum1.src.rpm
  - url: https://koji-s3-cache.hummingbird-project.io/packages.redhat.com/api/pulp-content/public-hummingbird/x86_64/Packages/l/libstdc++-devel-16.2.1-1.hum1.x86_64.rpm
    repoid: public-hummingbird-x86_64-rpms
    size: 6338114
    checksum: sha256:216e6456c7c7cf5982327c3352ee0836284d959719d7cadfbc79d7784c5859cd
    name: libstdc++-devel
    evr: 16.2.1-1.hum1
    sourcerpm: gcc-16.2.1-1.hum1.src.rpm
  - url: https://koji-s3-cache.hummingbird-project.io/packages.redhat.com/api/pulp-content/public-hummingbird/x86_64/Packages/l/libtool-ltdl-2.5.4-11.hum1.x86_64.rpm
    repoid: public-hummingbird-x86_64-rpms
    size: 44064
    checksum: sha256:2e64c1b230c216cc2bdcff1e00348221b0aa03601668120eccafd2ac82fc81ba
    name: libtool-ltdl
    evr: 2.5.4-11.hum1
    sourcerpm: libtool-2.5.4-11.hum1.src.rpm
  - url: https://koji-s3-cache.hummingbird-project.io/packages.redhat.com/api/pulp-content/public-hummingbird/x86_64/Packages/l/libunistring-1.1-12.hum1.x86_64.rpm
    repoid: public-hummingbird-x86_64-rpms
    size: 564392
    checksum: sha256:9e1b0f4077de94de5c1cb78127e51b4742d367d0234fd405e1279f1121f615af
    name: libunistring
    evr: 1.1-12.hum1
    sourcerpm: libunistring-1.1-12.hum1.src.rpm
  - url: https://koji-s3-cache.hummingbird-project.io/packages.redhat.com/api/pulp-content/public-hummingbird/x86_64/Packages/l/libverto-0.3.2-13.hum1.x86_64.rpm
    repoid: public-hummingbird-x86_64-rpms
    size: 27766
    checksum: sha256:07af161ae71b17c3ddd3bdd423d249de93992d3d60edcdb90a889d5ad1de1df2
    name: libverto
    evr: 0.3.2-13.hum1
    sourcerpm: libverto-0.3.2-13.hum1.src.rpm
  - url: https://koji-s3-cache.hummingbird-project.io/packages.redhat.com/api/pulp-content/public-hummingbird/x86_64/Packages/l/libxcrypt-4.5.2-4.hum1.x86_64.rpm
    repoid: public-hummingbird-x86_64-rpms
    size: 141715
    checksum: sha256:2a434fac4798d11fcd933b075d1ee3dc71ba09a3f61abfd7bf12f4bfb501c184
    name: libxcrypt
    evr: 4.5.2-4.hum1
    sourcerpm: libxcrypt-4.5.2-4.hum1.src.rpm
  - url: https://koji-s3-cache.hummingbird-project.io/packages.redhat.com/api/pulp-content/public-hummingbird/x86_64/Packages/l/libxcrypt-devel-4.5.2-4.hum1.x86_64.rpm
    repoid: public-hummingbird-x86_64-rpms
    size: 37978
    checksum: sha256:108e3df4ae8469e260a97af98a98593104cbd0f37e11d1ae9ca162823ea330e8
    name: libxcrypt-devel
    evr: 4.5.2-4.hum1
    sourcerpm: libxcrypt-4.5.2-4.hum1.src.rpm
  - url: https://koji-s3-cache.hummingbird-project.io/packages.redhat.com/api/pulp-content/public-hummingbird/x86_64/Packages/m/make-4.4.1-13.hum1.x86_64.rpm
    repoid: public-hummingbird-x86_64-rpms
    size: 609197
    checksum: sha256:82f3b675866f7233abf6acd494cc70b1d4d2f5d64ea87afd2554250380bb34c5
    name: make
    evr: 1:4.4.1-13.hum1
    sourcerpm: make-4.4.1-13.hum1.src.rpm
  - url: https://koji-s3-cache.hummingbird-project.io/packages.redhat.com/api/pulp-content/public-hummingbird/x86_64/Packages/m/mpfr-4.2.2-4.hum1.x86_64.rpm
    repoid: public-hummingbird-x86_64-rpms
    size: 372576
    checksum: sha256:9ca009c75ccc79071af834efbe1209471756cafc67eeca2e0ff061d7e7dd2b0f
    name: mpfr
    evr: 4.2.2-4.hum1
    sourcerpm: mpfr-4.2.2-4.hum1.src.rpm
  - url: https://koji-s3-cache.hummingbird-project.io/packages.redhat.com/api/pulp-content/public-hummingbird/x86_64/Packages/n/ngtcp2-1.22.1-3.hum1.x86_64.rpm
    repoid: public-hummingbird-x86_64-rpms
    size: 165924
    checksum: sha256:ba92450c81a9653170fa1844cd6c2ce5e2c253366504ed27a904c0b190419c0c
    name: ngtcp2
    evr: 1.22.1-3.hum1
    sourcerpm: ngtcp2-1.22.1-3.hum1.src.rpm
  - url: https://koji-s3-cache.hummingbird-project.io/packages.redhat.com/api/pulp-content/public-hummingbird/x86_64/Packages/n/ngtcp2-crypto-ossl-1.22.1-3.hum1.x86_64.rpm
    repoid: public-hummingbird-x86_64-rpms
    size: 33184
    checksum: sha256:92ae381bc395947cebadfe94a2a20adc4bf3b39b79d1ac70b3327c4230d6ef87
    name: ngtcp2-crypto-ossl
    evr: 1.22.1-3.hum1
    sourcerpm: ngtcp2-1.22.1-3.hum1.src.rpm
  - url: https://koji-s3-cache.hummingbird-project.io/packages.redhat.com/api/pulp-content/public-hummingbird/x86_64/Packages/o/openldap-2.6.13-4.hum1.x86_64.rpm
    repoid: public-hummingbird-x86_64-rpms
    size: 287305
    checksum: sha256:75fe4d2875eb0520f97194b802343ac443bc8b37b8f3add792606dfeb6d91833
    name: openldap
    evr: 2.6.13-4.hum1
    sourcerpm: openldap-2.6.13-4.hum1.src.rpm
  - url: https://koji-s3-cache.hummingbird-project.io/packages.redhat.com/api/pulp-content/public-hummingbird/x86_64/Packages/o/openssl-devel-3.5.6-0.4.hum1.x86_64.rpm
    repoid: public-hummingbird-x86_64-rpms
    size: 4510679
    checksum: sha256:de0009161b0160896edcb66c598d2ed1a376bac7600a2eb687cd680d0deb3d6c
    name: openssl-devel
    evr: 1:3.5.6-0.4.hum1
    sourcerpm: openssl-3.5.6-0.4.hum1.src.rpm
  - url: https://koji-s3-cache.hummingbird-project.io/packages.redhat.com/api/pulp-content/public-hummingbird/x86_64/Packages/p/pkgconf-2.5.1-2.hum1.x86_64.rpm
    repoid: public-hummingbird-x86_64-rpms
    size: 57411
    checksum: sha256:e142bc1a6a7c5d8151ef939f78d00d9d1a9abe1f5b746d1565afb2038d97a740
    name: pkgconf
    evr: 2.5.1-2.hum1
    sourcerpm: pkgconf-2.5.1-2.hum1.src.rpm
  - url: https://koji-s3-cache.hummingbird-project.io/packages.redhat.com/api/pulp-content/public-hummingbird/x86_64/Packages/p/pkgconf-m4-2.5.1-2.hum1.noarch.rpm
    repoid: public-hummingbird-x86_64-rpms
    size: 20407
    checksum: sha256:cd5b6336666a146e5a0069930953ab87cbbc5a8eae535aa4812322374df5bf27
    name: pkgconf-m4
    evr: 2.5.1-2.hum1
    sourcerpm: pkgconf-2.5.1-2.hum1.src.rpm
  - url: https://koji-s3-cache.hummingbird-project.io/packages.redhat.com/api/pulp-content/public-hummingbird/x86_64/Packages/p/pkgconf-pkg-config-2.5.1-2.hum1.x86_64.rpm
    repoid: public-hummingbird-x86_64-rpms
    size: 16014
    checksum: sha256:2b345564b7428018d12a5cc7e65e70f17d0a3cb2aaf5478ee03e5c9cd68f7c68
    name: pkgconf-pkg-config
    evr: 2.5.1-2.hum1
    sourcerpm: pkgconf-2.5.1-2.hum1.src.rpm
  - url: https://koji-s3-cache.hummingbird-project.io/packages.redhat.com/api/pulp-content/public-hummingbird/x86_64/Packages/p/publicsuffix-list-dafsa-20260624-2.hum1.noarch.rpm
    repoid: public-hummingbird-x86_64-rpms
    size: 67792
    checksum: sha256:23aace97837d048187b67e7017ffff861dc3f58782512eb42d23b6a36036ec9c
    name: publicsuffix-list-dafsa
    evr: 20260624-2.hum1
    sourcerpm: publicsuffix-list-20260624-2.hum1.src.rpm
  - url: https://koji-s3-cache.hummingbird-project.io/packages.redhat.com/api/pulp-content/public-hummingbird/x86_64/Packages/p/python3-devel-3.14.6-2.2.hum1.x86_64.rpm
    repoid: public-hummingbird-x86_64-rpms
    size: 474706
    checksum: sha256:3d1ecf55f693c356d42a2a075c636674e7fc467fd8d6d7109d9e3e2cdc69c662
    name: python3-devel
    evr: 3.14.6-2.2.hum1
    sourcerpm: python3.14-3.14.6-2.2.hum1.src.rpm
  - url: https://koji-s3-cache.hummingbird-project.io/packages.redhat.com/api/pulp-content/public-hummingbird/x86_64/Packages/u/util-linux-2.42.2-3.hum1.x86_64.rpm
    repoid: public-hummingbird-x86_64-rpms
    size: 1383377
    checksum: sha256:d201c6d90224bbfa93f39f0a43787712bb5ed92c8030bfe6d5eca7b310a0b181
    name: util-linux
    evr: 2.42.2-3.hum1
    sourcerpm: util-linux-2.42.2-3.hum1.src.rpm
  - url: https://koji-s3-cache.hummingbird-project.io/packages.redhat.com/api/pulp-content/public-hummingbird/x86_64/Packages/u/util-linux-core-2.42.2-3.hum1.x86_64.rpm
    repoid: public-hummingbird-x86_64-rpms
    size: 613637
    checksum: sha256:355f98c75d43a46ab77831b52b3ad6a16229b8ff0f25dfe228f6e68d06da5581
    name: util-linux-core
    evr: 2.42.2-3.hum1
    sourcerpm: util-linux-2.42.2-3.hum1.src.rpm
  source: []
  module_metadata: []
