---
lockfileVersion: 1
lockfileVendor: redhat
arches:
- arch: x86_64
  packages:
  - url: https://koji-s3-cache.hummingbird-project.io/packages.redhat.com/api/pulp-content/public-hummingbird/x86_64/Packages/b/binutils-2.46.1-1.2.hum1.x86_64.rpm
    repoid: public-hummingbird-x86_64-rpms
    size: 6513240
    checksum: sha256:8fba949e975bb0499a5f78bf3858fef302d4238fab9dde1540454131af3e2842
    name: binutils
    evr: 2.46.1-1.2.hum1
    sourcerpm: binutils-2.46.1-1.2.hum1.src.rpm
  - url: https://koji-s3-cache.hummingbird-project.io/packages.redhat.com/api/pulp-content/public-hummingbird/x86_64/Packages/c/cpp-16.2.1-3.hum1.x86_64.rpm
    repoid: public-hummingbird-x86_64-rpms
    size: 15369085
    checksum: sha256:7435f2efc2ed7ca1d5b29c5d1a710c0df095cf9e2675ba1f76c2abffd02b70be
    name: cpp
    evr: 16.2.1-3.hum1
    sourcerpm: gcc-16.2.1-3.hum1.src.rpm
  - url: https://koji-s3-cache.hummingbird-project.io/packages.redhat.com/api/pulp-content/public-hummingbird/x86_64/Packages/c/cyrus-sasl-2.1.28-37.1.hum1.x86_64.rpm
    repoid: public-hummingbird-x86_64-rpms
    size: 83357
    checksum: sha256:aebd72de90c63879b543ea357c7c1bd822b76d4ece9f781d3c3fe5a14cde598d
    name: cyrus-sasl
    evr: 2.1.28-37.1.hum1
    sourcerpm: cyrus-sasl-2.1.28-37.1.hum1.src.rpm
  - url: https://koji-s3-cache.hummingbird-project.io/packages.redhat.com/api/pulp-content/public-hummingbird/x86_64/Packages/c/cyrus-sasl-devel-2.1.28-37.1.hum1.x86_64.rpm
    repoid: public-hummingbird-x86_64-rpms
    size: 125233
    checksum: sha256:4e846ae32e513d5b35174c85c947b24948ac744fddcbcaba3e074434bf337af2
    name: cyrus-sasl-devel
    evr: 2.1.28-37.1.hum1
    sourcerpm: cyrus-sasl-2.1.28-37.1.hum1.src.rpm
  - url: https://koji-s3-cache.hummingbird-project.io/packages.redhat.com/api/pulp-content/public-hummingbird/x86_64/Packages/e/elfutils-debuginfod-client-0.196-1.1.hum1.x86_64.rpm
    repoid: public-hummingbird-x86_64-rpms
    size: 55112
    checksum: sha256:ebece4e4c26c70cfd4f963743bc0e7ebde3c045e75d0549420ff9e00a229baea
    name: elfutils-debuginfod-client
    evr: 0.196-1.1.hum1
    sourcerpm: elfutils-0.196-1.1.hum1.src.rpm
  - url: https://koji-s3-cache.hummingbird-project.io/packages.redhat.com/api/pulp-content/public-hummingbird/x86_64/Packages/e/elfutils-libelf-0.196-1.1.hum1.x86_64.rpm
    repoid: public-hummingbird-x86_64-rpms
    size: 251176
    checksum: sha256:f9ff1f5734862f57589b5420a0ac732e65f1ff9938b12a474a6ca446dd335f8d
    name: elfutils-libelf
    evr: 0.196-1.1.hum1
    sourcerpm: elfutils-0.196-1.1.hum1.src.rpm
  - url: https://koji-s3-cache.hummingbird-project.io/packages.redhat.com/api/pulp-content/public-hummingbird/x86_64/Packages/e/elfutils-libs-0.196-1.1.hum1.x86_64.rpm
    repoid: public-hummingbird-x86_64-rpms
    size: 298333
    checksum: sha256:22202f106a84c8c026bfd024de9cb2afd83c85e2ef9de99086d39e94ce9d24fa
    name: elfutils-libs
    evr: 0.196-1.1.hum1
    sourcerpm: elfutils-0.196-1.1.hum1.src.rpm
  - url: https://koji-s3-cache.hummingbird-project.io/packages.redhat.com/api/pulp-content/public-hummingbird/x86_64/Packages/g/gcc-16.2.1-3.hum1.x86_64.rpm
    repoid: public-hummingbird-x86_64-rpms
    size: 45464858
    checksum: sha256:ff641bcf3a38d4f75127ac0a16a2b1d226bcd90b5d76a503d2b72aea83a88c70
    name: gcc
    evr: 16.2.1-3.hum1
    sourcerpm: gcc-16.2.1-3.hum1.src.rpm
  - url: https://koji-s3-cache.hummingbird-project.io/packages.redhat.com/api/pulp-content/public-hummingbird/x86_64/Packages/g/gcc-c++-16.2.1-3.hum1.x86_64.rpm
    repoid: public-hummingbird-x86_64-rpms
    size: 18232459
    checksum: sha256:9aff48204796159c851a36eb2ba76848bd3939882bad3b2138049c68b58d8b6f
    name: gcc-c++
    evr: 16.2.1-3.hum1
    sourcerpm: gcc-16.2.1-3.hum1.src.rpm
  - url: https://koji-s3-cache.hummingbird-project.io/packages.redhat.com/api/pulp-content/public-hummingbird/x86_64/Packages/g/glibc-devel-2.43-9.1.hum1.x86_64.rpm
    repoid: public-hummingbird-x86_64-rpms
    size: 675616
    checksum: sha256:6c4ef2afdd1a5c8432d75bc02ada4ec337d40539e30b24d7501e3733c0d35e8a
    name: glibc-devel
    evr: 2.43-9.1.hum1
    sourcerpm: glibc-2.43-9.1.hum1.src.rpm
  - url: https://koji-s3-cache.hummingbird-project.io/packages.redhat.com/api/pulp-content/public-hummingbird/x86_64/Packages/g/gmp-6.3.0-6.hum1.x86_64.rpm
    repoid: public-hummingbird-x86_64-rpms
    size: 336312
    checksum: sha256:6566943f8813eb0ced4fa107044729289d3bb8064dbc8252d6cd3853f9cc0d09
    name: gmp
    evr: 1:6.3.0-6.hum1
    sourcerpm: gmp-6.3.0-6.hum1.src.rpm
  - url: https://koji-s3-cache.hummingbird-project.io/packages.redhat.com/api/pulp-content/public-hummingbird/x86_64/Packages/j/jansson-2.14-5.hum1.x86_64.rpm
    repoid: public-hummingbird-x86_64-rpms
    size: 54378
    checksum: sha256:26340691580468685523c4d920441aef3c6b795232d6188fc5dacf665c44d84e
    name: jansson
    evr: 2.14-5.hum1
    sourcerpm: jansson-2.14-5.hum1.src.rpm
  - url: https://koji-s3-cache.hummingbird-project.io/packages.redhat.com/api/pulp-content/public-hummingbird/x86_64/Packages/k/kernel-headers-7.2.0-61.hum1.x86_64.rpm
    repoid: public-hummingbird-x86_64-rpms
    size: 1908964
    checksum: sha256:e23b73199617067df2408a5046f549d42bf42d7ebea5c97987fa15ce0ffbb854
    name: kernel-headers
    evr: 7.2.0-61.hum1
    sourcerpm: kernel-headers-7.2.0-61.hum1.src.rpm
  - url: https://koji-s3-cache.hummingbird-project.io/packages.redhat.com/api/pulp-content/public-hummingbird/x86_64/Packages/l/libatomic-16.2.1-3.hum1.x86_64.rpm
    repoid: public-hummingbird-x86_64-rpms
    size: 63050
    checksum: sha256:4117a541e7d1c088010bbfafacc5827dfaa7f6a7a396befb9026c9f8963eabb6
    name: libatomic
    evr: 16.2.1-3.hum1
    sourcerpm: gcc-16.2.1-3.hum1.src.rpm
  - url: https://koji-s3-cache.hummingbird-project.io/packages.redhat.com/api/pulp-content/public-hummingbird/x86_64/Packages/l/libfdisk-2.42.4-2.hum1.x86_64.rpm
    repoid: public-hummingbird-x86_64-rpms
    size: 178512
    checksum: sha256:5be76151a53d4a93622b79c61e2196f63daabfd7f63e9e2ad0d945f3c735ec07
    name: libfdisk
    evr: 2.42.4-2.hum1
    sourcerpm: util-linux-2.42.4-2.hum1.src.rpm
  - url: https://koji-s3-cache.hummingbird-project.io/packages.redhat.com/api/pulp-content/public-hummingbird/x86_64/Packages/l/liblastlog2-2.42.4-2.hum1.x86_64.rpm
    repoid: public-hummingbird-x86_64-rpms
    size: 30244
    checksum: sha256:447e207fe6f51de429e5b9a963e73eb08d9da002a796038b29daea5a4080f6f6
    name: liblastlog2
    evr: 2.42.4-2.hum1
    sourcerpm: util-linux-2.42.4-2.hum1.src.rpm
  - url: https://koji-s3-cache.hummingbird-project.io/packages.redhat.com/api/pulp-content/public-hummingbird/x86_64/Packages/l/libmpc-1.4.1-2.hum1.x86_64.rpm
    repoid: public-hummingbird-x86_64-rpms
    size: 83759
    checksum: sha256:e2ec96e34d3588440a617a31fe025470da4c563cab9016294a7750243a985905
    name: libmpc
    evr: 1.4.1-2.hum1
    sourcerpm: libmpc-1.4.1-2.hum1.src.rpm
  - url: https://koji-s3-cache.hummingbird-project.io/packages.redhat.com/api/pulp-content/public-hummingbird/x86_64/Packages/l/libpkgconf-2.5.1-2.hum1.x86_64.rpm
    repoid: public-hummingbird-x86_64-rpms
    size: 50006
    checksum: sha256:ca91a2516e3d57ce21f43e341c2a0835b0dafac75a240b94ef2982cd76ac6515
    name: libpkgconf
    evr: 2.5.1-2.hum1
    sourcerpm: pkgconf-2.5.1-2.hum1.src.rpm
  - url: https://koji-s3-cache.hummingbird-project.io/packages.redhat.com/api/pulp-content/public-hummingbird/x86_64/Packages/l/libstdc++-devel-16.2.1-3.hum1.x86_64.rpm
    repoid: public-hummingbird-x86_64-rpms
    size: 6339992
    checksum: sha256:87313313aa90aa3c39b0d0a9e68f3bec0ac9ce9dee12e5dfa60e371bb9095ae9
    name: libstdc++-devel
    evr: 16.2.1-3.hum1
    sourcerpm: gcc-16.2.1-3.hum1.src.rpm
  - url: https://koji-s3-cache.hummingbird-project.io/packages.redhat.com/api/pulp-content/public-hummingbird/x86_64/Packages/l/libxcrypt-devel-4.5.2-4.hum1.x86_64.rpm
    repoid: public-hummingbird-x86_64-rpms
    size: 37978
    checksum: sha256:108e3df4ae8469e260a97af98a98593104cbd0f37e11d1ae9ca162823ea330e8
    name: libxcrypt-devel
    evr: 4.5.2-4.hum1
    sourcerpm: libxcrypt-4.5.2-4.hum1.src.rpm
  - url: https://koji-s3-cache.hummingbird-project.io/packages.redhat.com/api/pulp-content/public-hummingbird/x86_64/Packages/m/make-4.4.1-13.hum1.x86_64.rpm
    repoid: public-hummingbird-x86_64-rpms
    size: 609197
    checksum: sha256:82f3b675866f7233abf6acd494cc70b1d4d2f5d64ea87afd2554250380bb34c5
    name: make
    evr: 1:4.4.1-13.hum1
    sourcerpm: make-4.4.1-13.hum1.src.rpm
  - url: https://koji-s3-cache.hummingbird-project.io/packages.redhat.com/api/pulp-content/public-hummingbird/x86_64/Packages/m/mpfr-4.2.2-4.hum1.x86_64.rpm
    repoid: public-hummingbird-x86_64-rpms
    size: 372576
    checksum: sha256:9ca009c75ccc79071af834efbe1209471756cafc67eeca2e0ff061d7e7dd2b0f
    name: mpfr
    evr: 4.2.2-4.hum1
    sourcerpm: mpfr-4.2.2-4.hum1.src.rpm
  - url: https://koji-s3-cache.hummingbird-project.io/packages.redhat.com/api/pulp-content/public-hummingbird/x86_64/Packages/o/openssl-devel-3.5.9-0.2.hum1.x86_64.rpm
    repoid: public-hummingbird-x86_64-rpms
    size: 4548392
    checksum: sha256:cbb2bf3a799eb44102ca2a05d8dae392b06925407936e3b4995f9a83de2c4a0a
    name: openssl-devel
    evr: 1:3.5.9-0.2.hum1
    sourcerpm: openssl-3.5.9-0.2.hum1.src.rpm
  - url: https://koji-s3-cache.hummingbird-project.io/packages.redhat.com/api/pulp-content/public-hummingbird/x86_64/Packages/p/pkgconf-2.5.1-2.hum1.x86_64.rpm
    repoid: public-hummingbird-x86_64-rpms
    size: 57411
    checksum: sha256:e142bc1a6a7c5d8151ef939f78d00d9d1a9abe1f5b746d1565afb2038d97a740
    name: pkgconf
    evr: 2.5.1-2.hum1
    sourcerpm: pkgconf-2.5.1-2.hum1.src.rpm
  - url: https://koji-s3-cache.hummingbird-project.io/packages.redhat.com/api/pulp-content/public-hummingbird/x86_64/Packages/p/pkgconf-m4-2.5.1-2.hum1.noarch.rpm
    repoid: public-hummingbird-x86_64-rpms
    size: 20407
    checksum: sha256:cd5b6336666a146e5a0069930953ab87cbbc5a8eae535aa4812322374df5bf27
    name: pkgconf-m4
    evr: 2.5.1-2.hum1
    sourcerpm: pkgconf-2.5.1-2.hum1.src.rpm
  - url: https://koji-s3-cache.hummingbird-project.io/packages.redhat.com/api/pulp-content/public-hummingbird/x86_64/Packages/p/pkgconf-pkg-config-2.5.1-2.hum1.x86_64.rpm
    repoid: public-hummingbird-x86_64-rpms
    size: 16014
    checksum: sha256:2b345564b7428018d12a5cc7e65e70f17d0a3cb2aaf5478ee03e5c9cd68f7c68
    name: pkgconf-pkg-config
    evr: 2.5.1-2.hum1
    sourcerpm: pkgconf-2.5.1-2.hum1.src.rpm
  - url: https://koji-s3-cache.hummingbird-project.io/packages.redhat.com/api/pulp-content/public-hummingbird/x86_64/Packages/p/python-unversioned-command-3.14.8-1.hum1.noarch.rpm
    repoid: public-hummingbird-x86_64-rpms
    size: 18112
    checksum: sha256:3f18f91d61b07aa937b5979c5351fed01acaaebc2d6d857854b2f9f0dbef6c8e
    name: python-unversioned-command
    evr: 3.14.8-1.hum1
    sourcerpm: python3.14-3.14.8-1.hum1.src.rpm
  - url: https://koji-s3-cache.hummingbird-project.io/packages.redhat.com/api/pulp-content/public-hummingbird/x86_64/Packages/p/python3-3.14.8-1.hum1.x86_64.rpm
    repoid: public-hummingbird-x86_64-rpms
    size: 36420
    checksum: sha256:7887304d5688b501a2f15e175d68c1d4259f9969301b6cc85734c45500417ae2
    name: python3
    evr: 3.14.8-1.hum1
    sourcerpm: python3.14-3.14.8-1.hum1.src.rpm
  - url: https://koji-s3-cache.hummingbird-project.io/packages.redhat.com/api/pulp-content/public-hummingbird/x86_64/Packages/p/python3-devel-3.14.8-1.hum1.x86_64.rpm
    repoid: public-hummingbird-x86_64-rpms
    size: 475721
    checksum: sha256:3cac6cd64d034c814903252d874e0f1a1f7bed48703bf9542af7dbdfc1e01ce3
    name: python3-devel
    evr: 3.14.8-1.hum1
    sourcerpm: python3.14-3.14.8-1.hum1.src.rpm
  - url: https://koji-s3-cache.hummingbird-project.io/packages.redhat.com/api/pulp-content/public-hummingbird/x86_64/Packages/p/python3-libs-3.14.8-1.hum1.x86_64.rpm
    repoid: public-hummingbird-x86_64-rpms
    size: 10747984
    checksum: sha256:3d463a26c24466cce96e0479d14ef05cf2f1dd36626d4fd29e79cf1f16d14a42
    name: python3-libs
    evr: 3.14.8-1.hum1
    sourcerpm: python3.14-3.14.8-1.hum1.src.rpm
  - url: https://koji-s3-cache.hummingbird-project.io/packages.redhat.com/api/pulp-content/public-hummingbird/x86_64/Packages/p/python3-pip-26.2-0.1.hum1.noarch.rpm
    repoid: public-hummingbird-x86_64-rpms
    size: 3021324
    checksum: sha256:af8b2b069a1dbe6114e828ffd54f68adc7b808d0c0751f5d7266ac551c895f69
    name: python3-pip
    evr: 26.2-0.1.hum1
    sourcerpm: python-pip-26.2-0.1.hum1.src.rpm
  - url: https://koji-s3-cache.hummingbird-project.io/packages.redhat.com/api/pulp-content/public-hummingbird/x86_64/Packages/u/util-linux-2.42.4-2.hum1.x86_64.rpm
    repoid: public-hummingbird-x86_64-rpms
    size: 1383634
    checksum: sha256:d496ff276c7fd93ed7d39634ad39712dc4208fe9d03815da7c73ac911b61f314
    name: util-linux
    evr: 2.42.4-2.hum1
    sourcerpm: util-linux-2.42.4-2.hum1.src.rpm
  - url: https://koji-s3-cache.hummingbird-project.io/packages.redhat.com/api/pulp-content/public-hummingbird/x86_64/Packages/u/util-linux-core-2.42.4-2.hum1.x86_64.rpm
    repoid: public-hummingbird-x86_64-rpms
    size: 617028
    checksum: sha256:28648cbbdf7184120b5d2ef75b5e3e8ac0fb7e50dac3b35d6d7acf295ead81d3
    name: util-linux-core
    evr: 2.42.4-2.hum1
    sourcerpm: util-linux-2.42.4-2.hum1.src.rpm
  source: []
  module_metadata: []
