---
lockfileVersion: 1
lockfileVendor: redhat
arches:
- arch: x86_64
  packages:
  - url: https://cdn-ubi.redhat.com/content/public/ubi/dist/ubi10/10/x86_64/appstream/os/Packages/b/brotli-1.1.0-7.el10_1.x86_64.rpm
    repoid: ubi-10-for-x86_64-appstream-rpms
    size: 20021
    checksum: sha256:33e0882009f96bdc4e1b9aaa4ed72a121e4486c256e4ffce343d27da11dffb25
    name: brotli
    evr: 1.1.0-7.el10_1
    sourcerpm: brotli-1.1.0-7.el10_1.src.rpm
  - url: https://cdn-ubi.redhat.com/content/public/ubi/dist/ubi10/10/x86_64/appstream/os/Packages/b/brotli-devel-1.1.0-7.el10_1.x86_64.rpm
    repoid: ubi-10-for-x86_64-appstream-rpms
    size: 34401
    checksum: sha256:3105e04c4f520ba21ffe151550bf2a178ca26d966124cdce5e02eee12d02a0b4
    name: brotli-devel
    evr: 1.1.0-7.el10_1
    sourcerpm: brotli-1.1.0-7.el10_1.src.rpm
  - url: https://cdn-ubi.redhat.com/content/public/ubi/dist/ubi10/10/x86_64/appstream/os/Packages/c/cmake-filesystem-3.30.5-3.el10_0.x86_64.rpm
    repoid: ubi-10-for-x86_64-appstream-rpms
    size: 24113
    checksum: sha256:672cc5bccd6994f5359bfdb4df5842a6134565c6e5a07654b48c6bf31edf2885
    name: cmake-filesystem
    evr: 3.30.5-3.el10_0
    sourcerpm: cmake-3.30.5-3.el10_0.src.rpm
  - url: https://cdn-ubi.redhat.com/content/public/ubi/dist/ubi10/10/x86_64/appstream/os/Packages/c/cpp-14.3.1-2.1.el10.x86_64.rpm
    repoid: ubi-10-for-x86_64-appstream-rpms
    size: 13442056
    checksum: sha256:b7a1b8c112c2a1f5366836c33d6ec01e11528b12a7f84b5c0054186107385fbe
    name: cpp
    evr: 14.3.1-2.1.el10
    sourcerpm: gcc-14.3.1-2.1.el10.src.rpm
  - url: https://cdn-ubi.redhat.com/content/public/ubi/dist/ubi10/10/x86_64/appstream/os/Packages/c/cyrus-sasl-devel-2.1.28-29.el10.x86_64.rpm
    repoid: ubi-10-for-x86_64-appstream-rpms
    size: 116138
    checksum: sha256:45402ac4f280341616aba9fffc2f7d1d1fd412e2665da5e0f25c977b784600d0
    name: cyrus-sasl-devel
    evr: 2.1.28-29.el10
    sourcerpm: cyrus-sasl-2.1.28-29.el10.src.rpm
  - url: https://cdn-ubi.redhat.com/content/public/ubi/dist/ubi10/10/x86_64/appstream/os/Packages/g/gcc-14.3.1-2.1.el10.x86_64.rpm
    repoid: ubi-10-for-x86_64-appstream-rpms
    size: 39857423
    checksum: sha256:d94f8d6b32d60d79b0e28cbbd957670121af21f013d68dd77c90925f44414e8f
    name: gcc
    evr: 14.3.1-2.1.el10
    sourcerpm: gcc-14.3.1-2.1.el10.src.rpm
  - url: https://cdn-ubi.redhat.com/content/public/ubi/dist/ubi10/10/x86_64/appstream/os/Packages/g/glibc-devel-2.39-58.el10_1.7.x86_64.rpm
    repoid: ubi-10-for-x86_64-appstream-rpms
    size: 602082
    checksum: sha256:9b4fa52de1049e5b15c4f037d7746c01e67de065a9a93fb71e25a086a80ab11d
    name: glibc-devel
    evr: 2.39-58.el10_1.7
    sourcerpm: glibc-2.39-58.el10_1.7.src.rpm
  - url: https://cdn-ubi.redhat.com/content/public/ubi/dist/ubi10/10/x86_64/appstream/os/Packages/k/kernel-headers-6.12.0-124.49.1.el10_1.x86_64.rpm
    repoid: ubi-10-for-x86_64-appstream-rpms
    size: 3423589
    checksum: sha256:ca19ea17e7b65d9a162561b4dbf56d03760b6607a17e4f1aa93d35795b172971
    name: kernel-headers
    evr: 6.12.0-124.49.1.el10_1
    sourcerpm: kernel-6.12.0-124.49.1.el10_1.src.rpm
  - url: https://cdn-ubi.redhat.com/content/public/ubi/dist/ubi10/10/x86_64/appstream/os/Packages/k/keyutils-libs-devel-1.6.3-5.el10.x86_64.rpm
    repoid: ubi-10-for-x86_64-appstream-rpms
    size: 66541
    checksum: sha256:73f5a540f9b64e934cf4e7e6ceff04d9deedf75d20589bbcc5a2a5c404ef32c7
    name: keyutils-libs-devel
    evr: 1.6.3-5.el10
    sourcerpm: keyutils-1.6.3-5.el10.src.rpm
  - url: https://cdn-ubi.redhat.com/content/public/ubi/dist/ubi10/10/x86_64/appstream/os/Packages/k/krb5-devel-1.21.3-8.el10_0.x86_64.rpm
    repoid: ubi-10-for-x86_64-appstream-rpms
    size: 148257
    checksum: sha256:3bca5e45c6866e8873afb55540da6d7aa254a05ab8002d38b86764bf504d55ea
    name: krb5-devel
    evr: 1.21.3-8.el10_0
    sourcerpm: krb5-1.21.3-8.el10_0.src.rpm
  - url: https://cdn-ubi.redhat.com/content/public/ubi/dist/ubi10/10/x86_64/appstream/os/Packages/l/libcom_err-devel-1.47.1-4.el10.x86_64.rpm
    repoid: ubi-10-for-x86_64-appstream-rpms
    size: 17393
    checksum: sha256:c8cc2157449f6f31b053d292d039826728c6474fc76fdaf2b6a3d16cd87af6c9
    name: libcom_err-devel
    evr: 1.47.1-4.el10
    sourcerpm: e2fsprogs-1.47.1-4.el10.src.rpm
  - url: https://cdn-ubi.redhat.com/content/public/ubi/dist/ubi10/10/x86_64/appstream/os/Packages/l/libcurl-devel-8.12.1-2.el10_1.2.x86_64.rpm
    repoid: ubi-10-for-x86_64-appstream-rpms
    size: 968776
    checksum: sha256:5239fb94590fd8ddaba26e46ff7148220497f9b80321bc4ff4c70ce2351d2dee
    name: libcurl-devel
    evr: 8.12.1-2.el10_1.2
    sourcerpm: curl-8.12.1-2.el10_1.2.src.rpm
  - url: https://cdn-ubi.redhat.com/content/public/ubi/dist/ubi10/10/x86_64/appstream/os/Packages/l/libidn2-devel-2.3.7-3.el10.x86_64.rpm
    repoid: ubi-10-for-x86_64-appstream-rpms
    size: 77005
    checksum: sha256:d4eb7aef0f365d407dfb53eac1ad33b10b37863c1e21e7938760b6464a87682e
    name: libidn2-devel
    evr: 2.3.7-3.el10
    sourcerpm: libidn2-2.3.7-3.el10.src.rpm
  - url: https://cdn-ubi.redhat.com/content/public/ubi/dist/ubi10/10/x86_64/appstream/os/Packages/l/libmpc-1.3.1-7.el10.x86_64.rpm
    repoid: ubi-10-for-x86_64-appstream-rpms
    size: 75330
    checksum: sha256:0ffe6cc4aa8936e1ed0d807c8bb059a864aa5cb687cde85f211f3d050a45a1a2
    name: libmpc
    evr: 1.3.1-7.el10
    sourcerpm: libmpc-1.3.1-7.el10.src.rpm
  - url: https://cdn-ubi.redhat.com/content/public/ubi/dist/ubi10/10/x86_64/appstream/os/Packages/l/libnghttp2-devel-1.64.0-2.el10_1.1.x86_64.rpm
    repoid: ubi-10-for-x86_64-appstream-rpms
    size: 61433
    checksum: sha256:bf9cce788f8c00491bfacb6283776c278fef920b3967a3765b552cc0eeb2e98b
    name: libnghttp2-devel
    evr: 1.64.0-2.el10_1.1
    sourcerpm: nghttp2-1.64.0-2.el10_1.1.src.rpm
  - url: https://cdn-ubi.redhat.com/content/public/ubi/dist/ubi10/10/x86_64/appstream/os/Packages/l/libpsl-devel-0.21.5-6.el10.x86_64.rpm
    repoid: ubi-10-for-x86_64-appstream-rpms
    size: 39810
    checksum: sha256:48baf951dedace71f2e92b6290a3720a6febe7ec2dfc3fda9e9611dd75d09d79
    name: libpsl-devel
    evr: 0.21.5-6.el10
    sourcerpm: libpsl-0.21.5-6.el10.src.rpm
  - url: https://cdn-ubi.redhat.com/content/public/ubi/dist/ubi10/10/x86_64/appstream/os/Packages/l/libselinux-devel-3.9-1.el10.x86_64.rpm
    repoid: ubi-10-for-x86_64-appstream-rpms
    size: 165210
    checksum: sha256:4c0c198513cad71234d32ea2b7164a8c69282b4ea70105ad733c2042fc334872
    name: libselinux-devel
    evr: 3.9-1.el10
    sourcerpm: libselinux-3.9-1.el10.src.rpm
  - url: https://cdn-ubi.redhat.com/content/public/ubi/dist/ubi10/10/x86_64/appstream/os/Packages/l/libsepol-devel-3.9-1.el10.x86_64.rpm
    repoid: ubi-10-for-x86_64-appstream-rpms
    size: 49017
    checksum: sha256:d0e5963fb80712e605c4a321de9f7bb716411a2e8aefced44d2643796be40894
    name: libsepol-devel
    evr: 3.9-1.el10
    sourcerpm: libsepol-3.9-1.el10.src.rpm
  - url: https://cdn-ubi.redhat.com/content/public/ubi/dist/ubi10/10/x86_64/appstream/os/Packages/l/libssh-devel-0.11.1-5.el10_1.x86_64.rpm
    repoid: ubi-10-for-x86_64-appstream-rpms
    size: 42659
    checksum: sha256:a72dbc286669ff3d9dbc0fbde8cf9546222df2caaf166587fe28e86262216db0
    name: libssh-devel
    evr: 0.11.1-5.el10_1
    sourcerpm: libssh-0.11.1-5.el10_1.src.rpm
  - url: https://cdn-ubi.redhat.com/content/public/ubi/dist/ubi10/10/x86_64/appstream/os/Packages/l/libverto-devel-0.3.2-10.el10.x86_64.rpm
    repoid: ubi-10-for-x86_64-appstream-rpms
    size: 16626
    checksum: sha256:8707dc7e2502d865d0fa27f53733cb9413a796f423f3ab4e085298844d21a90c
    name: libverto-devel
    evr: 0.3.2-10.el10
    sourcerpm: libverto-0.3.2-10.el10.src.rpm
  - url: https://cdn-ubi.redhat.com/content/public/ubi/dist/ubi10/10/x86_64/appstream/os/Packages/l/libxcrypt-devel-4.4.36-10.el10.x86_64.rpm
    repoid: ubi-10-for-x86_64-appstream-rpms
    size: 34028
    checksum: sha256:5e98ac0095da4e23b8a7b0dfc8d6fc97b0fa0d6c5d7bb0d70fe1dbf97ae64eb6
    name: libxcrypt-devel
    evr: 4.4.36-10.el10
    sourcerpm: libxcrypt-4.4.36-10.el10.src.rpm
  - url: https://cdn-ubi.redhat.com/content/public/ubi/dist/ubi10/10/x86_64/appstream/os/Packages/l/libxkbcommon-1.7.0-4.el10.x86_64.rpm
    repoid: ubi-10-for-x86_64-appstream-rpms
    size: 151250
    checksum: sha256:295865e66c9ba6e216a2aa30002707364a8e45d4c977619f7ae8e9bd6f3f71be
    name: libxkbcommon
    evr: 1.7.0-4.el10
    sourcerpm: libxkbcommon-1.7.0-4.el10.src.rpm
  - url: https://cdn-ubi.redhat.com/content/public/ubi/dist/ubi10/10/x86_64/appstream/os/Packages/l/libzstd-devel-1.5.5-9.el10.x86_64.rpm
    repoid: ubi-10-for-x86_64-appstream-rpms
    size: 54290
    checksum: sha256:32221508cb051ea4425b083abaa53990ce717f085ee5da930a2ecf98bdd732ab
    name: libzstd-devel
    evr: 1.5.5-9.el10
    sourcerpm: zstd-1.5.5-9.el10.src.rpm
  - url: https://cdn-ubi.redhat.com/content/public/ubi/dist/ubi10/10/x86_64/appstream/os/Packages/o/openssl-devel-3.5.1-7.el10_1.x86_64.rpm
    repoid: ubi-10-for-x86_64-appstream-rpms
    size: 4394854
    checksum: sha256:71ceb09df978afbbe787f9326bdc2f0ac85319527b42b837c0f80fa204ec3efa
    name: openssl-devel
    evr: 1:3.5.1-7.el10_1
    sourcerpm: openssl-3.5.1-7.el10_1.src.rpm
  - url: https://cdn-ubi.redhat.com/content/public/ubi/dist/ubi10/10/x86_64/appstream/os/Packages/p/pcre2-devel-10.44-1.el10.3.x86_64.rpm
    repoid: ubi-10-for-x86_64-appstream-rpms
    size: 548673
    checksum: sha256:5509c74a59611612a21f97dd0baa7f79d576e74309252e03664a30cf23c355e1
    name: pcre2-devel
    evr: 10.44-1.el10.3
    sourcerpm: pcre2-10.44-1.el10.3.src.rpm
  - url: https://cdn-ubi.redhat.com/content/public/ubi/dist/ubi10/10/x86_64/appstream/os/Packages/p/pcre2-utf16-10.44-1.el10.3.x86_64.rpm
    repoid: ubi-10-for-x86_64-appstream-rpms
    size: 233846
    checksum: sha256:33ac88738346926a2d8f5673dc7b01e6a8feea04939fc970139c14ae9b79b86a
    name: pcre2-utf16
    evr: 10.44-1.el10.3
    sourcerpm: pcre2-10.44-1.el10.3.src.rpm
  - url: https://cdn-ubi.redhat.com/content/public/ubi/dist/ubi10/10/x86_64/appstream/os/Packages/p/pcre2-utf32-10.44-1.el10.3.x86_64.rpm
    repoid: ubi-10-for-x86_64-appstream-rpms
    size: 220836
    checksum: sha256:eae9d659d054fd8c5a02958a823dae1ccfd37f3af4745cbcfd0486d7e76394f7
    name: pcre2-utf32
    evr: 10.44-1.el10.3
    sourcerpm: pcre2-10.44-1.el10.3.src.rpm
  - url: https://cdn-ubi.redhat.com/content/public/ubi/dist/ubi10/10/x86_64/appstream/os/Packages/p/publicsuffix-list-20240107-5.el10.noarch.rpm
    repoid: ubi-10-for-x86_64-appstream-rpms
    size: 91912
    checksum: sha256:4caaa85f6ba2803ee3158cc729663d1a21d9ea81b8b209d5a24d7d8f97117285
    name: publicsuffix-list
    evr: 20240107-5.el10
    sourcerpm: publicsuffix-list-20240107-5.el10.src.rpm
  - url: https://cdn-ubi.redhat.com/content/public/ubi/dist/ubi10/10/x86_64/appstream/os/Packages/p/python3-devel-3.12.12-3.el10_1.2.x86_64.rpm
    repoid: ubi-10-for-x86_64-appstream-rpms
    size: 343749
    checksum: sha256:5a3fa6dbe96a24d8ed3a78689cca8c19228b8424564a0e97b098a1860b03dfd4
    name: python3-devel
    evr: 3.12.12-3.el10_1.2
    sourcerpm: python3.12-3.12.12-3.el10_1.2.src.rpm
  - url: https://cdn-ubi.redhat.com/content/public/ubi/dist/ubi10/10/x86_64/appstream/os/Packages/p/python3-pip-23.3.2-7.el10.noarch.rpm
    repoid: ubi-10-for-x86_64-appstream-rpms
    size: 3397252
    checksum: sha256:4421f205888ae7297aaa6cd49c36cf4aaeb271401ff939c6c671119530f17e1c
    name: python3-pip
    evr: 23.3.2-7.el10
    sourcerpm: python-pip-23.3.2-7.el10.src.rpm
  - url: https://cdn-ubi.redhat.com/content/public/ubi/dist/ubi10/10/x86_64/appstream/os/Packages/x/xkeyboard-config-2.41-3.el10.noarch.rpm
    repoid: ubi-10-for-x86_64-appstream-rpms
    size: 1028145
    checksum: sha256:871c6faf56bf3733826ba6c17406417665e5760ac4a2ddf5855a0ee82a771878
    name: xkeyboard-config
    evr: 2.41-3.el10
    sourcerpm: xkeyboard-config-2.41-3.el10.src.rpm
  - url: https://cdn-ubi.redhat.com/content/public/ubi/dist/ubi10/10/x86_64/appstream/os/Packages/z/zlib-ng-compat-devel-2.2.3-3.el10_1.x86_64.rpm
    repoid: ubi-10-for-x86_64-appstream-rpms
    size: 36965
    checksum: sha256:2ea2be81a34e8cc0d8d131f8e87fe4680f4c7b9f2b2625f26745935c5ab60ec8
    name: zlib-ng-compat-devel
    evr: 2.2.3-3.el10_1
    sourcerpm: zlib-ng-2.2.3-3.el10_1.src.rpm
  - url: https://cdn-ubi.redhat.com/content/public/ubi/dist/ubi10/10/x86_64/baseos/os/Packages/a/authselect-1.5.0-8.el10.x86_64.rpm
    repoid: ubi-10-for-x86_64-baseos-rpms
    size: 151602
    checksum: sha256:2d9263f62e5a8b87a249ddd2636d9404fd9497721a5d332808c1cf9de894778e
    name: authselect
    evr: 1.5.0-8.el10
    sourcerpm: authselect-1.5.0-8.el10.src.rpm
  - url: https://cdn-ubi.redhat.com/content/public/ubi/dist/ubi10/10/x86_64/baseos/os/Packages/a/authselect-libs-1.5.0-8.el10.x86_64.rpm
    repoid: ubi-10-for-x86_64-baseos-rpms
    size: 232564
    checksum: sha256:1673296d798227e421bcc3245f9a444d57a00a3ef3193a02426fd0fe6611c121
    name: authselect-libs
    evr: 1.5.0-8.el10
    sourcerpm: authselect-1.5.0-8.el10.src.rpm
  - url: https://cdn-ubi.redhat.com/content/public/ubi/dist/ubi10/10/x86_64/baseos/os/Packages/b/binutils-2.41-58.el10_1.2.x86_64.rpm
    repoid: ubi-10-for-x86_64-baseos-rpms
    size: 6709343
    checksum: sha256:7059ffc674a7709755c63265dd505262374684b6d88992b6b0e853d2c14a7caa
    name: binutils
    evr: 2.41-58.el10_1.2
    sourcerpm: binutils-2.41-58.el10_1.2.src.rpm
  - url: https://cdn-ubi.redhat.com/content/public/ubi/dist/ubi10/10/x86_64/baseos/os/Packages/b/binutils-gold-2.41-58.el10_1.2.x86_64.rpm
    repoid: ubi-10-for-x86_64-baseos-rpms
    size: 816566
    checksum: sha256:276d2e51c7cea1c21363a2c44d099a158188e8bee1e7fc8779ec89145d72fa37
    name: binutils-gold
    evr: 2.41-58.el10_1.2
    sourcerpm: binutils-2.41-58.el10_1.2.src.rpm
  - url: https://cdn-ubi.redhat.com/content/public/ubi/dist/ubi10/10/x86_64/baseos/os/Packages/c/cracklib-2.9.11-8.el10.x86_64.rpm
    repoid: ubi-10-for-x86_64-baseos-rpms
    size: 102557
    checksum: sha256:05b60f5f64a0ad329ec4b07c2ec4f9899c8209912f7d292fcb663ec34faccc1e
    name: cracklib
    evr: 2.9.11-8.el10
    sourcerpm: cracklib-2.9.11-8.el10.src.rpm
  - url: https://cdn-ubi.redhat.com/content/public/ubi/dist/ubi10/10/x86_64/baseos/os/Packages/c/cracklib-dicts-2.9.11-8.el10.x86_64.rpm
    repoid: ubi-10-for-x86_64-baseos-rpms
    size: 3827482
    checksum: sha256:b229f2ac449d7699d26fd66853626fbd13d68e84f572a6e6131513c0ad7d0207
    name: cracklib-dicts
    evr: 2.9.11-8.el10
    sourcerpm: cracklib-2.9.11-8.el10.src.rpm
  - url: https://cdn-ubi.redhat.com/content/public/ubi/dist/ubi10/10/x86_64/baseos/os/Packages/c/cryptsetup-libs-2.7.5-2.el10.x86_64.rpm
    repoid: ubi-10-for-x86_64-baseos-rpms
    size: 552188
    checksum: sha256:0faaad16d8ff77144bd9bef889b4048491914ad75526987e6606b92f0a2f1589
    name: cryptsetup-libs
    evr: 2.7.5-2.el10
    sourcerpm: cryptsetup-2.7.5-2.el10.src.rpm
  - url: https://cdn-ubi.redhat.com/content/public/ubi/dist/ubi10/10/x86_64/baseos/os/Packages/c/cyrus-sasl-2.1.28-29.el10.x86_64.rpm
    repoid: ubi-10-for-x86_64-baseos-rpms
    size: 75077
    checksum: sha256:68bcb0ed344df3f59a71a2059940f446de10acff9ca4670008cb1279f4911605
    name: cyrus-sasl
    evr: 2.1.28-29.el10
    sourcerpm: cyrus-sasl-2.1.28-29.el10.src.rpm
  - url: https://cdn-ubi.redhat.com/content/public/ubi/dist/ubi10/10/x86_64/baseos/os/Packages/c/cyrus-sasl-lib-2.1.28-29.el10.x86_64.rpm
    repoid: ubi-10-for-x86_64-baseos-rpms
    size: 108545
    checksum: sha256:24e828190ace074a593f254693a25e92fb417556d8bc843ce06de5131927d34b
    name: cyrus-sasl-lib
    evr: 2.1.28-29.el10
    sourcerpm: cyrus-sasl-2.1.28-29.el10.src.rpm
  - url: https://cdn-ubi.redhat.com/content/public/ubi/dist/ubi10/10/x86_64/baseos/os/Packages/d/dbus-1.14.10-5.el10.x86_64.rpm
    repoid: ubi-10-for-x86_64-baseos-rpms
    size: 8689
    checksum: sha256:cac7abf4d1efb20a9deeb00e70418704f6ea027a8a6786c040715775262d0693
    name: dbus
    evr: 1:1.14.10-5.el10
    sourcerpm: dbus-1.14.10-5.el10.src.rpm
  - url: https://cdn-ubi.redhat.com/content/public/ubi/dist/ubi10/10/x86_64/baseos/os/Packages/d/dbus-broker-36-4.el10.x86_64.rpm
    repoid: ubi-10-for-x86_64-baseos-rpms
    size: 178061
    checksum: sha256:8e28f6dc7553aac0e86d0aab963c9ff70fa9b55d88ac098f6494b2635e2a7bee
    name: dbus-broker
    evr: 36-4.el10
    sourcerpm: dbus-broker-36-4.el10.src.rpm
  - url: https://cdn-ubi.redhat.com/content/public/ubi/dist/ubi10/10/x86_64/baseos/os/Packages/d/dbus-common-1.14.10-5.el10.noarch.rpm
    repoid: ubi-10-for-x86_64-baseos-rpms
    size: 19267
    checksum: sha256:1299ce43ed298d52b9243dd332011e0f4de505d2902ba48a72234c16b95883bc
    name: dbus-common
    evr: 1:1.14.10-5.el10
    sourcerpm: dbus-1.14.10-5.el10.src.rpm
  - url: https://cdn-ubi.redhat.com/content/public/ubi/dist/ubi10/10/x86_64/baseos/os/Packages/d/device-mapper-1.02.206-3.el10.x86_64.rpm
    repoid: ubi-10-for-x86_64-baseos-rpms
    size: 143516
    checksum: sha256:5c474b5f1c6d3d639299a560c1a437f7370bc9480ba07718b5f638bb6a8b90dd
    name: device-mapper
    evr: 10:1.02.206-3.el10
    sourcerpm: lvm2-2.03.32-3.el10.src.rpm
  - url: https://cdn-ubi.redhat.com/content/public/ubi/dist/ubi10/10/x86_64/baseos/os/Packages/d/device-mapper-libs-1.02.206-3.el10.x86_64.rpm
    repoid: ubi-10-for-x86_64-baseos-rpms
    size: 186267
    checksum: sha256:1899f480df3e7c8460760a8f6207b0e6f773dacd000bc4fcf3d025f2d3adc07d
    name: device-mapper-libs
    evr: 10:1.02.206-3.el10
    sourcerpm: lvm2-2.03.32-3.el10.src.rpm
  - url: https://cdn-ubi.redhat.com/content/public/ubi/dist/ubi10/10/x86_64/baseos/os/Packages/d/diffutils-3.10-8.el10.x86_64.rpm
    repoid: ubi-10-for-x86_64-baseos-rpms
    size: 423166
    checksum: sha256:a8e3e08d2fd19a3ef513875aa379a35e5e424272dbf4e0aad5702bb0c49bd95f
    name: diffutils
    evr: 3.10-8.el10
    sourcerpm: diffutils-3.10-8.el10.src.rpm
  - url: https://cdn-ubi.redhat.com/content/public/ubi/dist/ubi10/10/x86_64/baseos/os/Packages/e/elfutils-debuginfod-client-0.193-1.el10.x86_64.rpm
    repoid: ubi-10-for-x86_64-baseos-rpms
    size: 48345
    checksum: sha256:f3bf8eb3f2caf92855f79a81e35e62dc8f868787f17d23987f4f730a19260eec
    name: elfutils-debuginfod-client
    evr: 0.193-1.el10
    sourcerpm: elfutils-0.193-1.el10.src.rpm
  - url: https://cdn-ubi.redhat.com/content/public/ubi/dist/ubi10/10/x86_64/baseos/os/Packages/e/elfutils-default-yama-scope-0.193-1.el10.noarch.rpm
    repoid: ubi-10-for-x86_64-baseos-rpms
    size: 13114
    checksum: sha256:88791437d7128a68bc6c8d1a969bb32f110084216343073b30d1f5d76af1401f
    name: elfutils-default-yama-scope
    evr: 0.193-1.el10
    sourcerpm: elfutils-0.193-1.el10.src.rpm
  - url: https://cdn-ubi.redhat.com/content/public/ubi/dist/ubi10/10/x86_64/baseos/os/Packages/e/elfutils-libelf-0.193-1.el10.x86_64.rpm
    repoid: ubi-10-for-x86_64-baseos-rpms
    size: 212865
    checksum: sha256:00a20c23b3f600950a20ab1c052a2ab2e7e9f18082aceab1fbe767240b966744
    name: elfutils-libelf
    evr: 0.193-1.el10
    sourcerpm: elfutils-0.193-1.el10.src.rpm
  - url: https://cdn-ubi.redhat.com/content/public/ubi/dist/ubi10/10/x86_64/baseos/os/Packages/e/elfutils-libs-0.193-1.el10.x86_64.rpm
    repoid: ubi-10-for-x86_64-baseos-rpms
    size: 276011
    checksum: sha256:e8513b144c79129842696254538c80ab21f1d771dc81d706f189336b86e9e9ab
    name: elfutils-libs
    evr: 0.193-1.el10
    sourcerpm: elfutils-0.193-1.el10.src.rpm
  - url: https://cdn-ubi.redhat.com/content/public/ubi/dist/ubi10/10/x86_64/baseos/os/Packages/g/gdbm-1.23-12.el10_0.x86_64.rpm
    repoid: ubi-10-for-x86_64-baseos-rpms
    size: 159273
    checksum: sha256:8309f0c24d485de9038432764827d891da1563fa3f8f8c7ae3568ab0662e9649
    name: gdbm
    evr: 1:1.23-12.el10_0
    sourcerpm: gdbm-1.23-12.el10_0.src.rpm
  - url: https://cdn-ubi.redhat.com/content/public/ubi/dist/ubi10/10/x86_64/baseos/os/Packages/g/gzip-1.13-3.el10.x86_64.rpm
    repoid: ubi-10-for-x86_64-baseos-rpms
    size: 178391
    checksum: sha256:d0c80b0bc77f03ffeb0705be24c9943b35cf1fc4a35918f40c27b4bb42b1d489
    name: gzip
    evr: 1.13-3.el10
    sourcerpm: gzip-1.13-3.el10.src.rpm
  - url: https://cdn-ubi.redhat.com/content/public/ubi/dist/ubi10/10/x86_64/baseos/os/Packages/j/jansson-2.14-3.el10.x86_64.rpm
    repoid: ubi-10-for-x86_64-baseos-rpms
    size: 49616
    checksum: sha256:b5d6eeea14961f64ece8b3bbefeb53a61424822ccbaedb833f7fc7e50f6707c5
    name: jansson
    evr: 2.14-3.el10
    sourcerpm: jansson-2.14-3.el10.src.rpm
  - url: https://cdn-ubi.redhat.com/content/public/ubi/dist/ubi10/10/x86_64/baseos/os/Packages/k/kmod-libs-31-12.el10.x86_64.rpm
    repoid: ubi-10-for-x86_64-baseos-rpms
    size: 71144
    checksum: sha256:62f568e862e577e3b9f0b1c0f505fdc9fc1fcbab3b5c587b9e40d97d2289df81
    name: kmod-libs
    evr: 31-12.el10
    sourcerpm: kmod-31-12.el10.src.rpm
  - url: https://cdn-ubi.redhat.com/content/public/ubi/dist/ubi10/10/x86_64/baseos/os/Packages/l/libbpf-1.6.0-3.el10.x86_64.rpm
    repoid: ubi-10-for-x86_64-baseos-rpms
    size: 195899
    checksum: sha256:3e657e1231183747b1e74a4db46ed46133b7c1952616c3a2abe645dd27c206c4
    name: libbpf
    evr: 2:1.6.0-3.el10
    sourcerpm: libbpf-1.6.0-3.el10.src.rpm
  - url: https://cdn-ubi.redhat.com/content/public/ubi/dist/ubi10/10/x86_64/baseos/os/Packages/l/libbrotli-1.1.0-7.el10_1.x86_64.rpm
    repoid: ubi-10-for-x86_64-baseos-rpms
    size: 352691
    checksum: sha256:894800ee7893f8e4aa1d3870afb22b54d92624134bc7cf5d2cdc1a1db92366db
    name: libbrotli
    evr: 1.1.0-7.el10_1
    sourcerpm: brotli-1.1.0-7.el10_1.src.rpm
  - url: https://cdn-ubi.redhat.com/content/public/ubi/dist/ubi10/10/x86_64/baseos/os/Packages/l/libevent-2.1.12-16.el10.x86_64.rpm
    repoid: ubi-10-for-x86_64-baseos-rpms
    size: 271480
    checksum: sha256:0cfcc4c1b669d1b334e416230aa3b3e1a91531b96892e52e724242a89d1e75fa
    name: libevent
    evr: 2.1.12-16.el10
    sourcerpm: libevent-2.1.12-16.el10.src.rpm
  - url: https://cdn-ubi.redhat.com/content/public/ubi/dist/ubi10/10/x86_64/baseos/os/Packages/l/libfdisk-2.40.2-15.el10_1.x86_64.rpm
    repoid: ubi-10-for-x86_64-baseos-rpms
    size: 168873
    checksum: sha256:6345ef0d6a4aaf82f732419a854e75213792b279f28d4ae34d6b86abe5e8cad0
    name: libfdisk
    evr: 2.40.2-15.el10_1
    sourcerpm: util-linux-2.40.2-15.el10_1.src.rpm
  - url: https://cdn-ubi.redhat.com/content/public/ubi/dist/ubi10/10/x86_64/baseos/os/Packages/l/libgomp-14.3.1-2.1.el10.x86_64.rpm
    repoid: ubi-10-for-x86_64-baseos-rpms
    size: 377295
    checksum: sha256:dcbf13fe15248715e018fe608f88ef31f33d41ebfb2bd68fd24b246fd5fde1db
    name: libgomp
    evr: 14.3.1-2.1.el10
    sourcerpm: gcc-14.3.1-2.1.el10.src.rpm
  - url: https://cdn-ubi.redhat.com/content/public/ubi/dist/ubi10/10/x86_64/baseos/os/Packages/l/libkadm5-1.21.3-8.el10_0.x86_64.rpm
    repoid: ubi-10-for-x86_64-baseos-rpms
    size: 79888
    checksum: sha256:732762f92e50a95b4c6fae06bb668128987f700b4c4443665309e290bf008f3c
    name: libkadm5
    evr: 1.21.3-8.el10_0
    sourcerpm: krb5-1.21.3-8.el10_0.src.rpm
  - url: https://cdn-ubi.redhat.com/content/public/ubi/dist/ubi10/10/x86_64/baseos/os/Packages/l/libpkgconf-2.1.0-3.el10.x86_64.rpm
    repoid: ubi-10-for-x86_64-baseos-rpms
    size: 41667
    checksum: sha256:3c771e6212564874eb7e6200f22cb2e05265e7319984590c0f4de3eb5733b75f
    name: libpkgconf
    evr: 2.1.0-3.el10
    sourcerpm: pkgconf-2.1.0-3.el10.src.rpm
  - url: https://cdn-ubi.redhat.com/content/public/ubi/dist/ubi10/10/x86_64/baseos/os/Packages/l/libpsl-0.21.5-6.el10.x86_64.rpm
    repoid: ubi-10-for-x86_64-baseos-rpms
    size: 68382
    checksum: sha256:788a2a36172ce893fe7ab6fec513eff4dc6c5d36737c25efec6bbf0253138ca6
    name: libpsl
    evr: 0.21.5-6.el10
    sourcerpm: libpsl-0.21.5-6.el10.src.rpm
  - url: https://cdn-ubi.redhat.com/content/public/ubi/dist/ubi10/10/x86_64/baseos/os/Packages/l/libpwquality-1.4.5-12.el10.x86_64.rpm
    repoid: ubi-10-for-x86_64-baseos-rpms
    size: 129792
    checksum: sha256:36a6f5c84392c6b578bd8b0bd7c7e431f6ed371ec217887e2373cff3206cd016
    name: libpwquality
    evr: 1.4.5-12.el10
    sourcerpm: libpwquality-1.4.5-12.el10.src.rpm
  - url: https://cdn-ubi.redhat.com/content/public/ubi/dist/ubi10/10/x86_64/baseos/os/Packages/l/libseccomp-2.5.6-1.el10.x86_64.rpm
    repoid: ubi-10-for-x86_64-baseos-rpms
    size: 72946
    checksum: sha256:2aec021802705c06a7598648e5013b197930e8ee6bcdadd3455a5c4ccb30f4e6
    name: libseccomp
    evr: 2.5.6-1.el10
    sourcerpm: libseccomp-2.5.6-1.el10.src.rpm
  - url: https://cdn-ubi.redhat.com/content/public/ubi/dist/ubi10/10/x86_64/baseos/os/Packages/l/libsemanage-3.9-1.el10.x86_64.rpm
    repoid: ubi-10-for-x86_64-baseos-rpms
    size: 124650
    checksum: sha256:fa05a25b4e0e3803f7471c1be5ed8f37d09344a8d06374bf8792989de9c7d421
    name: libsemanage
    evr: 3.9-1.el10
    sourcerpm: libsemanage-3.9-1.el10.src.rpm
  - url: https://cdn-ubi.redhat.com/content/public/ubi/dist/ubi10/10/x86_64/baseos/os/Packages/l/libssh-0.11.1-5.el10_1.x86_64.rpm
    repoid: ubi-10-for-x86_64-baseos-rpms
    size: 239050
    checksum: sha256:51a3ec3ca0bf3c401ca4e479fe9e935b6995730edb1fa9b9c518901146390cfa
    name: libssh
    evr: 0.11.1-5.el10_1
    sourcerpm: libssh-0.11.1-5.el10_1.src.rpm
  - url: https://cdn-ubi.redhat.com/content/public/ubi/dist/ubi10/10/x86_64/baseos/os/Packages/l/libssh-config-0.11.1-5.el10_1.noarch.rpm
    repoid: ubi-10-for-x86_64-baseos-rpms
    size: 8775
    checksum: sha256:240e7bc0b97105539be81f5ccc9adbc270ae8ca073d08fc30eefa47eb6ac57ac
    name: libssh-config
    evr: 0.11.1-5.el10_1
    sourcerpm: libssh-0.11.1-5.el10_1.src.rpm
  - url: https://cdn-ubi.redhat.com/content/public/ubi/dist/ubi10/10/x86_64/baseos/os/Packages/l/libutempter-1.2.1-15.el10.x86_64.rpm
    repoid: ubi-10-for-x86_64-baseos-rpms
    size: 31124
    checksum: sha256:6ea908dc99708b1ae9505ae351476f6b0a377252462972f46fc09a8aabc5fa28
    name: libutempter
    evr: 1.2.1-15.el10
    sourcerpm: libutempter-1.2.1-15.el10.src.rpm
  - url: https://cdn-ubi.redhat.com/content/public/ubi/dist/ubi10/10/x86_64/baseos/os/Packages/m/make-4.4.1-9.el10.x86_64.rpm
    repoid: ubi-10-for-x86_64-baseos-rpms
    size: 605276
    checksum: sha256:1c7b61c065106c0eb3a958e55ffbe37734aebcf440b0c36435ca7eb41b8e0110
    name: make
    evr: 1:4.4.1-9.el10
    sourcerpm: make-4.4.1-9.el10.src.rpm
  - url: https://cdn-ubi.redhat.com/content/public/ubi/dist/ubi10/10/x86_64/baseos/os/Packages/o/openldap-2.6.9-1.el10.x86_64.rpm
    repoid: ubi-10-for-x86_64-baseos-rpms
    size: 245450
    checksum: sha256:f88148da9e577523ebf32b7f53f9a83ae75a76c75a9a011d6d9fc76c3005a2e8
    name: openldap
    evr: 2.6.9-1.el10
    sourcerpm: openldap-2.6.9-1.el10.src.rpm
  - url: https://cdn-ubi.redhat.com/content/public/ubi/dist/ubi10/10/x86_64/baseos/os/Packages/p/pam-1.6.1-8.el10.x86_64.rpm
    repoid: ubi-10-for-x86_64-baseos-rpms
    size: 599726
    checksum: sha256:76f80afc656f98eba58443eb7a0395c0a21498c7d21e44e91c7741988f3f01f6
    name: pam
    evr: 1.6.1-8.el10
    sourcerpm: pam-1.6.1-8.el10.src.rpm
  - url: https://cdn-ubi.redhat.com/content/public/ubi/dist/ubi10/10/x86_64/baseos/os/Packages/p/pkgconf-2.1.0-3.el10.x86_64.rpm
    repoid: ubi-10-for-x86_64-baseos-rpms
    size: 49544
    checksum: sha256:63c965654dfd260d755bd36bdb19ced0036aa4c1e2b64d726c95fad98b2dc041
    name: pkgconf
    evr: 2.1.0-3.el10
    sourcerpm: pkgconf-2.1.0-3.el10.src.rpm
  - url: https://cdn-ubi.redhat.com/content/public/ubi/dist/ubi10/10/x86_64/baseos/os/Packages/p/pkgconf-m4-2.1.0-3.el10.noarch.rpm
    repoid: ubi-10-for-x86_64-baseos-rpms
    size: 15861
    checksum: sha256:f6a99c6e64b9358a0b4db60e4fb2b5c858eb0487a504690e80d1b84b9d044995
    name: pkgconf-m4
    evr: 2.1.0-3.el10
    sourcerpm: pkgconf-2.1.0-3.el10.src.rpm
  - url: https://cdn-ubi.redhat.com/content/public/ubi/dist/ubi10/10/x86_64/baseos/os/Packages/p/pkgconf-pkg-config-2.1.0-3.el10.x86_64.rpm
    repoid: ubi-10-for-x86_64-baseos-rpms
    size: 12216
    checksum: sha256:b90a31630640ca9a05ba842032ccbe7ae786318bb808ffb49f252acdb1419235
    name: pkgconf-pkg-config
    evr: 2.1.0-3.el10
    sourcerpm: pkgconf-2.1.0-3.el10.src.rpm
  - url: https://cdn-ubi.redhat.com/content/public/ubi/dist/ubi10/10/x86_64/baseos/os/Packages/p/publicsuffix-list-dafsa-20240107-5.el10.noarch.rpm
    repoid: ubi-10-for-x86_64-baseos-rpms
    size: 61540
    checksum: sha256:53b2a71e7240613288d9d4922d2c1886f785637d981f9498c0caadda77a686ee
    name: publicsuffix-list-dafsa
    evr: 20240107-5.el10
    sourcerpm: publicsuffix-list-20240107-5.el10.src.rpm
  - url: https://cdn-ubi.redhat.com/content/public/ubi/dist/ubi10/10/x86_64/baseos/os/Packages/s/shadow-utils-4.15.0-10.el10_1.x86_64.rpm
    repoid: ubi-10-for-x86_64-baseos-rpms
    size: 1417015
    checksum: sha256:668c893ef1ec32a1ae685aa6fff720433c0e49cea0f7575241f4a70337c2c03e
    name: shadow-utils
    evr: 2:4.15.0-10.el10_1
    sourcerpm: shadow-utils-4.15.0-10.el10_1.src.rpm
  - url: https://cdn-ubi.redhat.com/content/public/ubi/dist/ubi10/10/x86_64/baseos/os/Packages/s/systemd-257-13.el10.x86_64.rpm
    repoid: ubi-10-for-x86_64-baseos-rpms
    size: 6009766
    checksum: sha256:39ea4564cdad8819f5c93d808e408961a839eb6aad639bb25fee974c12951e58
    name: systemd
    evr: 257-13.el10
    sourcerpm: systemd-257-13.el10.src.rpm
  - url: https://cdn-ubi.redhat.com/content/public/ubi/dist/ubi10/10/x86_64/baseos/os/Packages/s/systemd-pam-257-13.el10.x86_64.rpm
    repoid: ubi-10-for-x86_64-baseos-rpms
    size: 312886
    checksum: sha256:993ff13c4338b71a9a4320b3c425ed0cde16f077c45ebce674580b51ce4e74df
    name: systemd-pam
    evr: 257-13.el10
    sourcerpm: systemd-257-13.el10.src.rpm
  - url: https://cdn-ubi.redhat.com/content/public/ubi/dist/ubi10/10/x86_64/baseos/os/Packages/u/util-linux-2.40.2-15.el10_1.x86_64.rpm
    repoid: ubi-10-for-x86_64-baseos-rpms
    size: 1326327
    checksum: sha256:051f68098b2a20dad1e43244d39d9e8f5d0cb9a45ba3cdc3afcd83e104b3c68f
    name: util-linux
    evr: 2.40.2-15.el10_1
    sourcerpm: util-linux-2.40.2-15.el10_1.src.rpm
  - url: https://cdn-ubi.redhat.com/content/public/ubi/dist/ubi10/10/x86_64/baseos/os/Packages/u/util-linux-core-2.40.2-15.el10_1.x86_64.rpm
    repoid: ubi-10-for-x86_64-baseos-rpms
    size: 571449
    checksum: sha256:42d1d206693eafba1fdf00b5fac972542dfe0f201890e697f174757615262606
    name: util-linux-core
    evr: 2.40.2-15.el10_1
    sourcerpm: util-linux-2.40.2-15.el10_1.src.rpm
  - url: https://packages.confluent.io/clients/rpm/centos/10/x86_64/librdkafka-devel-2.14.1-1.cflt.el10.x86_64.rpm
    repoid: confluent-clients
    size: 2967604
    checksum: sha256:f1891e417e799898f3806452379ec74dc83c4639bcdff2b009e6c62a5cdd5a19
    name: librdkafka-devel
    evr: 2.14.1-1.cflt.el10
    sourcerpm: librdkafka-2.14.1-1.cflt.el10.src.rpm
  - url: https://packages.confluent.io/clients/rpm/centos/10/x86_64/librdkafka1-2.14.1-1.cflt.el10.x86_64.rpm
    repoid: confluent-clients
    size: 1244107
    checksum: sha256:ecbe47abc9ed8efbcdef35c2a8a0e1a60f4297c11d6878fcf7393c22d55128e1
    name: librdkafka1
    evr: 2.14.1-1.cflt.el10
    sourcerpm: librdkafka-2.14.1-1.cflt.el10.src.rpm
  source:
  - url: https://packages.confluent.io/clients/rpm/centos/10/x86_64/librdkafka-2.14.1-1.cflt.el10.src.rpm
    repoid: confluent-clients
    size: 4905698
    checksum: sha256:9242e1c0cd121035d3960aa307e0858465c324a154d06826ef4afea45649af43
    name: librdkafka
    evr: 2.14.1-1.cflt.el10
  module_metadata: []
